
Microsoft Visual Studio Solution File, Format Version 12.00
Project("{FAE04EC0-301F-11D3-BF4B-00C04F79EFBC}") = "MicroserviceAnalyzer", "MicroserviceAnalyzer\MicroserviceAnalyzer.csproj", "{853267C5-AC8E-448F-BAC0-9E0B8D375A5A}"
EndProject
Project("{FAE04EC0-301F-11D3-BF4B-00C04F79EFBC}") = "MicroserviceAnalyzer.BL", "MicroserviceAnalyzer.BL\MicroserviceAnalyzer.BL.csproj", "{C2653D10-3E05-46BE-B3E3-4BEC42296E22}"
EndProject
Project("{FAE04EC0-301F-11D3-BF4B-00C04F79EFBC}") = "MicroserviceAnalyzer.DataAccess", "MicroserviceAnalyzer.DataAccess\MicroserviceAnalyzer.DataAccess.csproj", "{8C200E03-F3CE-480B-81B1-A4FF5B5ADE35}"
EndProject
Project("{FAE04EC0-301F-11D3-BF4B-00C04F79EFBC}") = "MicroserviceAnalyzer.Tests", "MicroserviceAnalyzer.Tests\MicroserviceAnalyzer.Tests.csproj", "{8215F06B-B9F3-408E-9DA6-A01E5A990070}"
EndProject
Project("{2150E333-8FDC-42A3-9474-1A3956D46DE8}") = "TestMicroservices", "TestMicroservices", "{49A4D3FA-3D46-4532-9F3E-30939E15E4D7}"
EndProject
Project("{2150E333-8FDC-42A3-9474-1A3956D46DE8}") = "NLayerWithApiWeb", "NLayerWithApiWeb", "{E3AAAEA0-0469-44AB-ADEE-BDB6D754F2B5}"
EndProject
Project("{FAE04EC0-301F-11D3-BF4B-00C04F79EFBC}") = "App1.DAL", "TestMicroservices\App1\App1.DAL\App1.DAL.csproj", "{43979466-DB8F-4151-B294-B3FC03A2432E}"
EndProject
Project("{FAE04EC0-301F-11D3-BF4B-00C04F79EFBC}") = "App1.BLL", "TestMicroservices\App1\App1.BLL\App1.BLL.csproj", "{4D1DF25C-E1A0-40D3-AD4D-C43A84404D82}"
EndProject
Project("{FAE04EC0-301F-11D3-BF4B-00C04F79EFBC}") = "App1", "TestMicroservices\App1\App1\App1.csproj", "{81E3AF34-A6A7-4806-BBE1-85884B7485FE}"
EndProject
Project("{2150E333-8FDC-42A3-9474-1A3956D46DE8}") = "NLayerWithApiGrpc", "NLayerWithApiGrpc", "{7E967498-1234-4F7E-8BAC-FFC44F7C46C8}"
EndProject
Project("{FAE04EC0-301F-11D3-BF4B-00C04F79EFBC}") = "App2.Application", "TestMicroservices\App2\App2.Application\App2.Application.csproj", "{3C9E200F-08E7-4421-B304-098BFD5328D0}"
EndProject
Project("{FAE04EC0-301F-11D3-BF4B-00C04F79EFBC}") = "App2.Infrastructure", "TestMicroservices\App2\App2.Infrastructure\App2.Infrastructure.csproj", "{2EFF0000-9437-4D3D-B858-21056B5E0235}"
EndProject
Project("{FAE04EC0-301F-11D3-BF4B-00C04F79EFBC}") = "App2.Domain", "TestMicroservices\App2\App2.Domain\App2.Domain.csproj", "{BF1A2182-3044-4617-8A6A-44400CF53916}"
EndProject
Project("{FAE04EC0-301F-11D3-BF4B-00C04F79EFBC}") = "App2.Presentation", "TestMicroservices\App2.Presentation\App2.Presentation.csproj", "{ACF5DD07-A47E-4BB4-94A0-D38C80934A71}"
EndProject
Global
	GlobalSection(SolutionConfigurationPlatforms) = preSolution
		Debug|Any CPU = Debug|Any CPU
		Release|Any CPU = Release|Any CPU
	EndGlobalSection
	GlobalSection(ProjectConfigurationPlatforms) = postSolution
		{853267C5-AC8E-448F-BAC0-9E0B8D375A5A}.Debug|Any CPU.ActiveCfg = Debug|Any CPU
		{853267C5-AC8E-448F-BAC0-9E0B8D375A5A}.Debug|Any CPU.Build.0 = Debug|Any CPU
		{853267C5-AC8E-448F-BAC0-9E0B8D375A5A}.Release|Any CPU.ActiveCfg = Release|Any CPU
		{853267C5-AC8E-448F-BAC0-9E0B8D375A5A}.Release|Any CPU.Build.0 = Release|Any CPU
		{C2653D10-3E05-46BE-B3E3-4BEC42296E22}.Debug|Any CPU.ActiveCfg = Debug|Any CPU
		{C2653D10-3E05-46BE-B3E3-4BEC42296E22}.Debug|Any CPU.Build.0 = Debug|Any CPU
		{C2653D10-3E05-46BE-B3E3-4BEC42296E22}.Release|Any CPU.ActiveCfg = Release|Any CPU
		{C2653D10-3E05-46BE-B3E3-4BEC42296E22}.Release|Any CPU.Build.0 = Release|Any CPU
		{8C200E03-F3CE-480B-81B1-A4FF5B5ADE35}.Debug|Any CPU.ActiveCfg = Debug|Any CPU
		{8C200E03-F3CE-480B-81B1-A4FF5B5ADE35}.Debug|Any CPU.Build.0 = Debug|Any CPU
		{8C200E03-F3CE-480B-81B1-A4FF5B5ADE35}.Release|Any CPU.ActiveCfg = Release|Any CPU
		{8C200E03-F3CE-480B-81B1-A4FF5B5ADE35}.Release|Any CPU.Build.0 = Release|Any CPU
		{8215F06B-B9F3-408E-9DA6-A01E5A990070}.Debug|Any CPU.ActiveCfg = Debug|Any CPU
		{8215F06B-B9F3-408E-9DA6-A01E5A990070}.Debug|Any CPU.Build.0 = Debug|Any CPU
		{8215F06B-B9F3-408E-9DA6-A01E5A990070}.Release|Any CPU.ActiveCfg = Release|Any CPU
		{8215F06B-B9F3-408E-9DA6-A01E5A990070}.Release|Any CPU.Build.0 = Release|Any CPU
		{43979466-DB8F-4151-B294-B3FC03A2432E}.Debug|Any CPU.ActiveCfg = Debug|Any CPU
		{43979466-DB8F-4151-B294-B3FC03A2432E}.Debug|Any CPU.Build.0 = Debug|Any CPU
		{43979466-DB8F-4151-B294-B3FC03A2432E}.Release|Any CPU.ActiveCfg = Release|Any CPU
		{43979466-DB8F-4151-B294-B3FC03A2432E}.Release|Any CPU.Build.0 = Release|Any CPU
		{4D1DF25C-E1A0-40D3-AD4D-C43A84404D82}.Debug|Any CPU.ActiveCfg = Debug|Any CPU
		{4D1DF25C-E1A0-40D3-AD4D-C43A84404D82}.Debug|Any CPU.Build.0 = Debug|Any CPU
		{4D1DF25C-E1A0-40D3-AD4D-C43A84404D82}.Release|Any CPU.ActiveCfg = Release|Any CPU
		{4D1DF25C-E1A0-40D3-AD4D-C43A84404D82}.Release|Any CPU.Build.0 = Release|Any CPU
		{81E3AF34-A6A7-4806-BBE1-85884B7485FE}.Debug|Any CPU.ActiveCfg = Debug|Any CPU
		{81E3AF34-A6A7-4806-BBE1-85884B7485FE}.Debug|Any CPU.Build.0 = Debug|Any CPU
		{81E3AF34-A6A7-4806-BBE1-85884B7485FE}.Release|Any CPU.ActiveCfg = Release|Any CPU
		{81E3AF34-A6A7-4806-BBE1-85884B7485FE}.Release|Any CPU.Build.0 = Release|Any CPU
		{3C9E200F-08E7-4421-B304-098BFD5328D0}.Debug|Any CPU.ActiveCfg = Debug|Any CPU
		{3C9E200F-08E7-4421-B304-098BFD5328D0}.Debug|Any CPU.Build.0 = Debug|Any CPU
		{3C9E200F-08E7-4421-B304-098BFD5328D0}.Release|Any CPU.ActiveCfg = Release|Any CPU
		{3C9E200F-08E7-4421-B304-098BFD5328D0}.Release|Any CPU.Build.0 = Release|Any CPU
		{2EFF0000-9437-4D3D-B858-21056B5E0235}.Debug|Any CPU.ActiveCfg = Debug|Any CPU
		{2EFF0000-9437-4D3D-B858-21056B5E0235}.Debug|Any CPU.Build.0 = Debug|Any CPU
		{2EFF0000-9437-4D3D-B858-21056B5E0235}.Release|Any CPU.ActiveCfg = Release|Any CPU
		{2EFF0000-9437-4D3D-B858-21056B5E0235}.Release|Any CPU.Build.0 = Release|Any CPU
		{BF1A2182-3044-4617-8A6A-44400CF53916}.Debug|Any CPU.ActiveCfg = Debug|Any CPU
		{BF1A2182-3044-4617-8A6A-44400CF53916}.Debug|Any CPU.Build.0 = Debug|Any CPU
		{BF1A2182-3044-4617-8A6A-44400CF53916}.Release|Any CPU.ActiveCfg = Release|Any CPU
		{BF1A2182-3044-4617-8A6A-44400CF53916}.Release|Any CPU.Build.0 = Release|Any CPU
		{ACF5DD07-A47E-4BB4-94A0-D38C80934A71}.Debug|Any CPU.ActiveCfg = Debug|Any CPU
		{ACF5DD07-A47E-4BB4-94A0-D38C80934A71}.Debug|Any CPU.Build.0 = Debug|Any CPU
		{ACF5DD07-A47E-4BB4-94A0-D38C80934A71}.Release|Any CPU.ActiveCfg = Release|Any CPU
		{ACF5DD07-A47E-4BB4-94A0-D38C80934A71}.Release|Any CPU.Build.0 = Release|Any CPU
	EndGlobalSection
	GlobalSection(NestedProjects) = preSolution
		{E3AAAEA0-0469-44AB-ADEE-BDB6D754F2B5} = {49A4D3FA-3D46-4532-9F3E-30939E15E4D7}
		{43979466-DB8F-4151-B294-B3FC03A2432E} = {E3AAAEA0-0469-44AB-ADEE-BDB6D754F2B5}
		{4D1DF25C-E1A0-40D3-AD4D-C43A84404D82} = {E3AAAEA0-0469-44AB-ADEE-BDB6D754F2B5}
		{81E3AF34-A6A7-4806-BBE1-85884B7485FE} = {E3AAAEA0-0469-44AB-ADEE-BDB6D754F2B5}
		{7E967498-1234-4F7E-8BAC-FFC44F7C46C8} = {49A4D3FA-3D46-4532-9F3E-30939E15E4D7}
		{3C9E200F-08E7-4421-B304-098BFD5328D0} = {7E967498-1234-4F7E-8BAC-FFC44F7C46C8}
		{2EFF0000-9437-4D3D-B858-21056B5E0235} = {7E967498-1234-4F7E-8BAC-FFC44F7C46C8}
		{BF1A2182-3044-4617-8A6A-44400CF53916} = {7E967498-1234-4F7E-8BAC-FFC44F7C46C8}
		{ACF5DD07-A47E-4BB4-94A0-D38C80934A71} = {7E967498-1234-4F7E-8BAC-FFC44F7C46C8}
	EndGlobalSection
EndGlobal
